// !$*UTF8*$!
{
	archiveVersion = 1;
	classes = {
	};
	objectVersion = 50;
	objects = {

/* Begin PBXBuildFile section */
		43754F8026FC924300F7BE74 /* AppDelegate.swift in Sources */ = {isa = PBXBuildFile; fileRef = 43754F7F26FC924300F7BE74 /* AppDelegate.swift */; };
		43754F8226FC924300F7BE74 /* SceneDelegate.swift in Sources */ = {isa = PBXBuildFile; fileRef = 43754F8126FC924300F7BE74 /* SceneDelegate.swift */; };
		43754F8426FC924300F7BE74 /* ContentView.swift in Sources */ = {isa = PBXBuildFile; fileRef = 43754F8326FC924300F7BE74 /* ContentView.swift */; };
		43754F8726FC924300F7BE74 /* InfiniteCarouselSlider.xcdatamodeld in Sources */ = {isa = PBXBuildFile; fileRef = 43754F8526FC924300F7BE74 /* InfiniteCarouselSlider.xcdatamodeld */; };
		43754F8926FC924500F7BE74 /* Assets.xcassets in Resources */ = {isa = PBXBuildFile; fileRef = 43754F8826FC924500F7BE74 /* Assets.xcassets */; };
		43754F8C26FC924500F7BE74 /* Preview Assets.xcassets in Resources */ = {isa = PBXBuildFile; fileRef = 43754F8B26FC924500F7BE74 /* Preview Assets.xcassets */; };
		43754F8F26FC924500F7BE74 /* LaunchScreen.storyboard in Resources */ = {isa = PBXBuildFile; fileRef = 43754F8D26FC924500F7BE74 /* LaunchScreen.storyboard */; };
		43754F9726FC92DE00F7BE74 /* MainView.swift in Sources */ = {isa = PBXBuildFile; fileRef = 43754F9626FC92DE00F7BE74 /* MainView.swift */; };
		43754F9B26FCA07D00F7BE74 /* CustomCorner.swift in Sources */ = {isa = PBXBuildFile; fileRef = 43754F9A26FCA07D00F7BE74 /* CustomCorner.swift */; };
		43754F9D26FCA45C00F7BE74 /* Tab.swift in Sources */ = {isa = PBXBuildFile; fileRef = 43754F9C26FCA45C00F7BE74 /* Tab.swift */; };
		43754F9F26FCA56A00F7BE74 /* InfiniteCarouselView.swift in Sources */ = {isa = PBXBuildFile; fileRef = 43754F9E26FCA56A00F7BE74 /* InfiniteCarouselView.swift */; };
		43A25229275E047700EC48DB /* CustomCardShap.swift in Sources */ = {isa = PBXBuildFile; fileRef = 43A25228275E047700EC48DB /* CustomCardShap.swift */; };
/* End PBXBuildFile section */

/* Begin PBXFileReference section */
		43754F7C26FC924300F7BE74 /* InfiniteCarouselSlider.app */ = {isa = PBXFileReference; explicitFileType = wrapper.application; includeInIndex = 0; path = InfiniteCarouselSlider.app; sourceTree = BUILT_PRODUCTS_DIR; };
		43754F7F26FC924300F7BE74 /* AppDelegate.swift */ = {isa = PBXFileReference; lastKnownFileType = sourcecode.swift; path = AppDelegate.swift; sourceTree = "<group>"; };
		43754F8126FC924300F7BE74 /* SceneDelegate.swift */ = {isa = PBXFileReference; lastKnownFileType = sourcecode.swift; path = SceneDelegate.swift; sourceTree = "<group>"; };
		43754F8326FC924300F7BE74 /* ContentView.swift */ = {isa = PBXFileReference; lastKnownFileType = sourcecode.swift; path = ContentView.swift; sourceTree = "<group>"; };
		43754F8626FC924300F7BE74 /* InfiniteCarouselSlider.xcdatamodel */ = {isa = PBXFileReference; lastKnownFileType = wrapper.xcdatamodel; path = InfiniteCarouselSlider.xcdatamodel; sourceTree = "<group>"; };
		43754F8826FC924500F7BE74 /* Assets.xcassets */ = {isa = PBXFileReference; lastKnownFileType = folder.assetcatalog; path = Assets.xcassets; sourceTree = "<group>"; };
		43754F8B26FC924500F7BE74 /* Preview Assets.xcassets */ = {isa = PBXFileReference; lastKnownFileType = folder.assetcatalog; path = "Preview Assets.xcassets"; sourceTree = "<group>"; };
		43754F8E26FC924500F7BE74 /* Base */ = {isa = PBXFileReference; lastKnownFileType = file.storyboard; name = Base; path = Base.lproj/LaunchScreen.storyboard; sourceTree = "<group>"; };
		43754F9026FC924500F7BE74 /* Info.plist */ = {isa = PBXFileReference; lastKnownFileType = text.plist.xml; path = Info.plist; sourceTree = "<group>"; };
		43754F9626FC92DE00F7BE74 /* MainView.swift */ = {isa = PBXFileReference; lastKnownFileType = sourcecode.swift; path = MainView.swift; sourceTree = "<group>"; };
		43754F9A26FCA07D00F7BE74 /* CustomCorner.swift */ = {isa = PBXFileReference; lastKnownFileType = sourcecode.swift; path = CustomCorner.swift; sourceTree = "<group>"; };
		43754F9C26FCA45C00F7BE74 /* Tab.swift */ = {isa = PBXFileReference; lastKnownFileType = sourcecode.swift; path = Tab.swift; sourceTree = "<group>"; };
		43754F9E26FCA56A00F7BE74 /* InfiniteCarouselView.swift */ = {isa = PBXFileReference; lastKnownFileType = sourcecode.swift; path = InfiniteCarouselView.swift; sourceTree = "<group>"; };
		43A25228275E047700EC48DB /* CustomCardShap.swift */ = {isa = PBXFileReference; lastKnownFileType = sourcecode.swift; path = CustomCardShap.swift; sourceTree = "<group>"; };
/* End PBXFileReference section */

/* Begin PBXFrameworksBuildPhase section */
		43754F7926FC924300F7BE74 /* Frameworks */ = {
			isa = PBXFrameworksBuildPhase;
			buildActionMask = 2147483647;
			files = (
			);
			runOnlyForDeploymentPostprocessing = 0;
		};
/* End PBXFrameworksBuildPhase section */

/* Begin PBXGroup section */
		43754F7326FC924300F7BE74 = {
			isa = PBXGroup;
			children = (
				43754F7E26FC924300F7BE74 /* InfiniteCarouselSlider */,
				43754F7D26FC924300F7BE74 /* Products */,
			);
			sourceTree = "<group>";
		};
		43754F7D26FC924300F7BE74 /* Products */ = {
			isa = PBXGroup;
			children = (
				43754F7C26FC924300F7BE74 /* InfiniteCarouselSlider.app */,
			);
			name = Products;
			sourceTree = "<group>";
		};
		43754F7E26FC924300F7BE74 /* InfiniteCarouselSlider */ = {
			isa = PBXGroup;
			children = (
				43754F7F26FC924300F7BE74 /* AppDelegate.swift */,
				43754F8126FC924300F7BE74 /* SceneDelegate.swift */,
				43754F9926FC937600F7BE74 /* Model */,
				43754F9826FC933C00F7BE74 /* View */,
				43754F8826FC924500F7BE74 /* Assets.xcassets */,
				43754F8D26FC924500F7BE74 /* LaunchScreen.storyboard */,
				43754F9026FC924500F7BE74 /* Info.plist */,
				43754F8526FC924300F7BE74 /* InfiniteCarouselSlider.xcdatamodeld */,
				43754F8A26FC924500F7BE74 /* Preview Content */,
			);
			path = InfiniteCarouselSlider;
			sourceTree = "<group>";
		};
		43754F8A26FC924500F7BE74 /* Preview Content */ = {
			isa = PBXGroup;
			children = (
				43754F8B26FC924500F7BE74 /* Preview Assets.xcassets */,
			);
			path = "Preview Content";
			sourceTree = "<group>";
		};
		43754F9826FC933C00F7BE74 /* View */ = {
			isa = PBXGroup;
			children = (
				43754F8326FC924300F7BE74 /* ContentView.swift */,
				43754F9626FC92DE00F7BE74 /* MainView.swift */,
				43754F9A26FCA07D00F7BE74 /* CustomCorner.swift */,
				43754F9E26FCA56A00F7BE74 /* InfiniteCarouselView.swift */,
				43A25228275E047700EC48DB /* CustomCardShap.swift */,
			);
			path = View;
			sourceTree = "<group>";
		};
		43754F9926FC937600F7BE74 /* Model */ = {
			isa = PBXGroup;
			children = (
				43754F9C26FCA45C00F7BE74 /* Tab.swift */,
			);
			path = Model;
			sourceTree = "<group>";
		};
/* End PBXGroup section */

/* Begin PBXNativeTarget section */
		43754F7B26FC924300F7BE74 /* InfiniteCarouselSlider */ = {
			isa = PBXNativeTarget;
			buildConfigurationList = 43754F9326FC924500F7BE74 /* Build configuration list for PBXNativeTarget "InfiniteCarouselSlider" */;
			buildPhases = (
				43754F7826FC924300F7BE74 /* Sources */,
				43754F7926FC924300F7BE74 /* Frameworks */,
				43754F7A26FC924300F7BE74 /* Resources */,
			);
			buildRules = (
			);
			dependencies = (
			);
			name = InfiniteCarouselSlider;
			productName = InfiniteCarouselSlider;
			productReference = 43754F7C26FC924300F7BE74 /* InfiniteCarouselSlider.app */;
			productType = "com.apple.product-type.application";
		};
/* End PBXNativeTarget section */

/* Begin PBXProject section */
		43754F7426FC924300F7BE74 /* Project object */ = {
			isa = PBXProject;
			attributes = {
				LastSwiftUpdateCheck = 1250;
				LastUpgradeCheck = 1250;
				TargetAttributes = {
					43754F7B26FC924300F7BE74 = {
						CreatedOnToolsVersion = 12.5.1;
					};
				};
			};
			buildConfigurationList = 43754F7726FC924300F7BE74 /* Build configuration list for PBXProject "InfiniteCarouselSlider" */;
			compatibilityVersion = "Xcode 9.3";
			developmentRegion = en;
			hasScannedForEncodings = 0;
			knownRegions = (
				en,
				Base,
			);
			mainGroup = 43754F7326FC924300F7BE74;
			productRefGroup = 43754F7D26FC924300F7BE74 /* Products */;
			projectDirPath = "";
			projectRoot = "";
			targets = (
				43754F7B26FC924300F7BE74 /* InfiniteCarouselSlider */,
			);
		};
/* End PBXProject section */

/* Begin PBXResourcesBuildPhase section */
		43754F7A26FC924300F7BE74 /* Resources */ = {
			isa = PBXResourcesBuildPhase;
			buildActionMask = 2147483647;
			files = (
				43754F8F26FC924500F7BE74 /* LaunchScreen.storyboard in Resources */,
				43754F8C26FC924500F7BE74 /* Preview Assets.xcassets in Resources */,
				43754F8926FC924500F7BE74 /* Assets.xcassets in Resources */,
			);
			runOnlyForDeploymentPostprocessing = 0;
		};
/* End PBXResourcesBuildPhase section */

/* Begin PBXSourcesBuildPhase section */
		43754F7826FC924300F7BE74 /* Sources */ = {
			isa = PBXSourcesBuildPhase;
			buildActionMask = 2147483647;
			files = (
				43754F8026FC924300F7BE74 /* AppDelegate.swift in Sources */,
				43754F8226FC924300F7BE74 /* SceneDelegate.swift in Sources */,
				43754F8726FC924300F7BE74 /* InfiniteCarouselSlider.xcdatamodeld in Sources */,
				43754F9B26FCA07D00F7BE74 /* CustomCorner.swift in Sources */,
				43754F9F26FCA56A00F7BE74 /* InfiniteCarouselView.swift in Sources */,
				43754F9726FC92DE00F7BE74 /* MainView.swift in Sources */,
				43A25229275E047700EC48DB /* CustomCardShap.swift in Sources */,
				43754F8426FC924300F7BE74 /* ContentView.swift in Sources */,
				43754F9D26FCA45C00F7BE74 /* Tab.swift in Sources */,
			);
			runOnlyForDeploymentPostprocessing = 0;
		};
/* End PBXSourcesBuildPhase section */

/* Begin PBXVariantGroup section */
		43754F8D26FC924500F7BE74 /* LaunchScreen.storyboard */ = {
			isa = PBXVariantGroup;
			children = (
				43754F8E26FC924500F7BE74 /* Base */,
			);
			name = LaunchScreen.storyboard;
			sourceTree = "<group>";
		};
/* End PBXVariantGroup section */

/* Begin XCBuildConfiguration section */
		43754F9126FC924500F7BE74 /* Debug */ = {
			isa = XCBuildConfiguration;
			buildSettings = {
				ALWAYS_SEARCH_USER_PATHS = NO;
				CLANG_ANALYZER_NONNULL = YES;
				CLANG_ANALYZER_NUMBER_OBJECT_CONVERSION = YES_AGGRESSIVE;
				CLANG_CXX_LANGUAGE_STANDARD = "gnu++14";
				CLANG_CXX_LIBRARY = "libc++";
				CLANG_ENABLE_MODULES = YES;
				CLANG_ENABLE_OBJC_ARC = YES;
				CLANG_ENABLE_OBJC_WEAK = YES;
				CLANG_WARN_BLOCK_CAPTURE_AUTORELEASING = YES;
				CLANG_WARN_BOOL_CONVERSION = YES;
				CLANG_WARN_COMMA = YES;
				CLANG_WARN_CONSTANT_CONVERSION = YES;
				CLANG_WARN_DEPRECATED_OBJC_IMPLEMENTATIONS = YES;
				CLANG_WARN_DIRECT_OBJC_ISA_USAGE = YES_ERROR;
				CLANG_WARN_DOCUMENTATION_COMMENTS = YES;
				CLANG_WARN_EMPTY_BODY = YES;
				CLANG_WARN_ENUM_CONVERSION = YES;
				CLANG_WARN_INFINITE_RECURSION = YES;
				CLANG_WARN_INT_CONVERSION = YES;
				CLANG_WARN_NON_LITERAL_NULL_CONVERSION = YES;
				CLANG_WARN_OBJC_IMPLICIT_RETAIN_SELF = YES;
				CLANG_WARN_OBJC_LITERAL_CONVERSION = YES;
				CLANG_WARN_OBJC_ROOT_CLASS = YES_ERROR;
				CLANG_WARN_QUOTED_INCLUDE_IN_FRAMEWORK_HEADER = YES;
				CLANG_WARN_RANGE_LOOP_ANALYSIS = YES;
				CLANG_WARN_STRICT_PROTOTYPES = YES;
				CLANG_WARN_SUSPICIOUS_MOVE = YES;
				CLANG_WARN_UNGUARDED_AVAILABILITY = YES_AGGRESSIVE;
				CLANG_WARN_UNREACHABLE_CODE = YES;
				CLANG_WARN__DUPLICATE_METHOD_MATCH = YES;
				COPY_PHASE_STRIP = NO;
				DEBUG_INFORMATION_FORMAT = dwarf;
				ENABLE_STRICT_OBJC_MSGSEND = YES;
				ENABLE_TESTABILITY = YES;
				GCC_C_LANGUAGE_STANDARD = gnu11;
				GCC_DYNAMIC_NO_PIC = NO;
				GCC_NO_COMMON_BLOCKS = YES;
				GCC_OPTIMIZATION_LEVEL = 0;
				GCC_PREPROCESSOR_DEFINITIONS = (
					"DEBUG=1",
					"$(inherited)",
				);
				GCC_WARN_64_TO_32_BIT_CONVERSION = YES;
				GCC_WARN_ABOUT_RETURN_TYPE = YES_ERROR;
				GCC_WARN_UNDECLARED_SELECTOR = YES;
				GCC_WARN_UNINITIALIZED_AUTOS = YES_AGGRESSIVE;
				GCC_WARN_UNUSED_FUNCTION = YES;
				GCC_WARN_UNUSED_VARIABLE = YES;
				IPHONEOS_DEPLOYMENT_TARGET = 14.5;
				MTL_ENABLE_DEBUG_INFO = INCLUDE_SOURCE;
				MTL_FAST_MATH = YES;
				ONLY_ACTIVE_ARCH = YES;
				SDKROOT = iphoneos;
				SWIFT_ACTIVE_COMPILATION_CONDITIONS = DEBUG;
				SWIFT_OPTIMIZATION_LEVEL = "-Onone";
			};
			name = Debug;
		};
		43754F9226FC924500F7BE74 /* Release */ = {
			isa = XCBuildConfiguration;
			buildSettings = {
				ALWAYS_SEARCH_USER_PATHS = NO;
				CLANG_ANALYZER_NONNULL = YES;
				CLANG_ANALYZER_NUMBER_OBJECT_CONVERSION = YES_AGGRESSIVE;
				CLANG_CXX_LANGUAGE_STANDARD = "gnu++14";
				CLANG_CXX_LIBRARY = "libc++";
				CLANG_ENABLE_MODULES = YES;
				CLANG_ENABLE_OBJC_ARC = YES;
				CLANG_ENABLE_OBJC_WEAK = YES;
				CLANG_WARN_BLOCK_CAPTURE_AUTORELEASING = YES;
				CLANG_WARN_BOOL_CONVERSION = YES;
				CLANG_WARN_COMMA = YES;
				CLANG_WARN_CONSTANT_CONVERSION = YES;
				CLANG_WARN_DEPRECATED_OBJC_IMPLEMENTATIONS = YES;
				CLANG_WARN_DIRECT_OBJC_ISA_USAGE = YES_ERROR;
				CLANG_WARN_DOCUMENTATION_COMMENTS = YES;
				CLANG_WARN_EMPTY_BODY = YES;
				CLANG_WARN_ENUM_CONVERSION = YES;
				CLANG_WARN_INFINITE_RECURSION = YES;
				CLANG_WARN_INT_CONVERSION = YES;
				CLANG_WARN_NON_LITERAL_NULL_CONVERSION = YES;
				CLANG_WARN_OBJC_IMPLICIT_RETAIN_SELF = YES;
				CLANG_WARN_OBJC_LITERAL_CONVERSION = YES;
				CLANG_WARN_OBJC_ROOT_CLASS = YES_ERROR;
				CLANG_WARN_QUOTED_INCLUDE_IN_FRAMEWORK_HEADER = YES;
				CLANG_WARN_RANGE_LOOP_ANALYSIS = YES;
				CLANG_WARN_STRICT_PROTOTYPES = YES;
				CLANG_WARN_SUSPICIOUS_MOVE = YES;
				CLANG_WARN_UNGUARDED_AVAILABILITY = YES_AGGRESSIVE;
				CLANG_WARN_UNREACHABLE_CODE = YES;
				CLANG_WARN__DUPLICATE_METHOD_MATCH = YES;
				COPY_PHASE_STRIP = NO;
				DEBUG_INFORMATION_FORMAT = "dwarf-with-dsym";
				ENABLE_NS_ASSERTIONS = NO;
				ENABLE_STRICT_OBJC_MSGSEND = YES;
				GCC_C_LANGUAGE_STANDARD = gnu11;
				GCC_NO_COMMON_BLOCKS = YES;
				GCC_WARN_64_TO_32_BIT_CONVERSION = YES;
				GCC_WARN_ABOUT_RETURN_TYPE = YES_ERROR;
				GCC_WARN_UNDECLARED_SELECTOR = YES;
				GCC_WARN_UNINITIALIZED_AUTOS = YES_AGGRESSIVE;
				GCC_WARN_UNUSED_FUNCTION = YES;
				GCC_WARN_UNUSED_VARIABLE = YES;
				IPHONEOS_DEPLOYMENT_TARGET = 14.5;
				MTL_ENABLE_DEBUG_INFO = NO;
				MTL_FAST_MATH = YES;
				SDKROOT = iphoneos;
				SWIFT_COMPILATION_MODE = wholemodule;
				SWIFT_OPTIMIZATION_LEVEL = "-O";
				VALIDATE_PRODUCT = YES;
			};
			name = Release;
		};
		43754F9426FC924500F7BE74 /* Debug */ = {
			isa = XCBuildConfiguration;
			buildSettings = {
				ASSETCATALOG_COMPILER_APPICON_NAME = AppIcon;
				ASSETCATALOG_COMPILER_GLOBAL_ACCENT_COLOR_NAME = AccentColor;
				CODE_SIGN_STYLE = Automatic;
				DEVELOPMENT_ASSET_PATHS = "\"InfiniteCarouselSlider/Preview Content\"";
				DEVELOPMENT_TEAM = 8S62D745ZJ;
				ENABLE_PREVIEWS = YES;
				INFOPLIST_FILE = InfiniteCarouselSlider/Info.plist;
				LD_RUNPATH_SEARCH_PATHS = (
					"$(inherited)",
					"@executable_path/Frameworks",
				);
				PRODUCT_BUNDLE_IDENTIFIER = "Muhammed-Sabri.InfiniteCarouselSlider";
				PRODUCT_NAME = "$(TARGET_NAME)";
				SWIFT_VERSION = 5.0;
				TARGETED_DEVICE_FAMILY = "1,2";
			};
			name = Debug;
		};
		43754F9526FC924500F7BE74 /* Release */ = {
			isa = XCBuildConfiguration;
			buildSettings = {
				ASSETCATALOG_COMPILER_APPICON_NAME = AppIcon;
				ASSETCATALOG_COMPILER_GLOBAL_ACCENT_COLOR_NAME = AccentColor;
				CODE_SIGN_STYLE = Automatic;
				DEVELOPMENT_ASSET_PATHS = "\"InfiniteCarouselSlider/Preview Content\"";
				DEVELOPMENT_TEAM = 8S62D745ZJ;
				ENABLE_PREVIEWS = YES;
				INFOPLIST_FILE = InfiniteCarouselSlider/Info.plist;
				LD_RUNPATH_SEARCH_PATHS = (
					"$(inherited)",
					"@executable_path/Frameworks",
				);
				PRODUCT_BUNDLE_IDENTIFIER = "Muhammed-Sabri.InfiniteCarouselSlider";
				PRODUCT_NAME = "$(TARGET_NAME)";
				SWIFT_VERSION = 5.0;
				TARGETED_DEVICE_FAMILY = "1,2";
			};
			name = Release;
		};
/* End XCBuildConfiguration section */

/* Begin XCConfigurationList section */
		43754F7726FC924300F7BE74 /* Build configuration list for PBXProject "InfiniteCarouselSlider" */ = {
			isa = XCConfigurationList;
			buildConfigurations = (
				43754F9126FC924500F7BE74 /* Debug */,
				43754F9226FC924500F7BE74 /* Release */,
			);
			defaultConfigurationIsVisible = 0;
			defaultConfigurationName = Release;
		};
		43754F9326FC924500F7BE74 /* Build configuration list for PBXNativeTarget "InfiniteCarouselSlider" */ = {
			isa = XCConfigurationList;
			buildConfigurations = (
				43754F9426FC924500F7BE74 /* Debug */,
				43754F9526FC924500F7BE74 /* Release */,
			);
			defaultConfigurationIsVisible = 0;
			defaultConfigurationName = Release;
		};
/* End XCConfigurationList section */

/* Begin XCVersionGroup section */
		43754F8526FC924300F7BE74 /* InfiniteCarouselSlider.xcdatamodeld */ = {
			isa = XCVersionGroup;
			children = (
				43754F8626FC924300F7BE74 /* InfiniteCarouselSlider.xcdatamodel */,
			);
			currentVersion = 43754F8626FC924300F7BE74 /* InfiniteCarouselSlider.xcdatamodel */;
			path = InfiniteCarouselSlider.xcdatamodeld;
			sourceTree = "<group>";
			versionGroupType = wrapper.xcdatamodel;
		};
/* End XCVersionGroup section */
	};
	rootObject = 43754F7426FC924300F7BE74 /* Project object */;
}
